
Microsoft Visual Studio Solution File, Format Version 12.00
# Visual Studio Version 16
VisualStudioVersion = 16.0.28803.156
MinimumVisualStudioVersion = 10.0.40219.1
Project("{FAE04EC0-301F-11D3-BF4B-00C04F79EFBC}") = "qrcode", "qrcode.csproj", "{D66840CC-7743-47AE-A564-2C75299BC9DF}"
EndProject
Global
	GlobalSection(SolutionConfigurationPlatforms) = preSolution
		Debug|Any CPU = Debug|Any CPU
		Release|Any CPU = Release|Any CPU
	EndGlobalSection
	GlobalSection(ProjectConfigurationPlatforms) = postSolution
		{D66840CC-7743-47AE-A564-2C75299BC9DF}.Debug|Any CPU.ActiveCfg = Debug|Any CPU
		{D66840CC-7743-47AE-A564-2C75299BC9DF}.Debug|Any CPU.Build.0 = Debug|Any CPU
		{D66840CC-7743-47AE-A564-2C75299BC9DF}.Release|Any CPU.ActiveCfg = Release|Any CPU
		{D66840CC-7743-47AE-A564-2C75299BC9DF}.Release|Any CPU.Build.0 = Release|Any CPU
	EndGlobalSection
	GlobalSection(SolutionProperties) = preSolution
		HideSolutionNode = FALSE
	EndGlobalSection
	GlobalSection(ExtensibilityGlobals) = postSolution
		SolutionGuid = {61E6C348-1E6F-4F0F-A699-813CC9A06C76}
	EndGlobalSection
EndGlobal
